
Microsoft Visual Studio Solution File, Format Version 12.00
# Visual Studio 15
Project("{FAE04EC0-301F-11D3-BF4B-00C04F79EFBC}") = "RealEstates.Data", "RealEstates.Data.csproj", "{A0D23889-EE6A-4200-855E-EC4A5099A926}"
EndProject
Global
	GlobalSection(SolutionConfigurationPlatforms) = preSolution
		Debug|Any CPU = Debug|Any CPU
		Release|Any CPU = Release|Any CPU
	EndGlobalSection
	GlobalSection(ProjectConfigurationPlatforms) = postSolution
		{A0D23889-EE6A-4200-855E-EC4A5099A926}.Debug|Any CPU.ActiveCfg = Debug|Any CPU
		{A0D23889-EE6A-4200-855E-EC4A5099A926}.Debug|Any CPU.Build.0 = Debug|Any CPU
		{A0D23889-EE6A-4200-855E-EC4A5099A926}.Release|Any CPU.ActiveCfg = Release|Any CPU
		{A0D23889-EE6A-4200-855E-EC4A5099A926}.Release|Any CPU.Build.0 = Release|Any CPU
	EndGlobalSection
EndGlobal
